
Microsoft Visual Studio Solution File, Format Version 12.00
# Visual Studio Version 17
VisualStudioVersion = 17.8.34316.72
MinimumVisualStudioVersion = 10.0.40219.1
Project("{9A19103F-16F7-4668-BE54-9A1E7A4F7556}") = "Game.Jam.StreetRaceFate.Windows", "Game.Jam.StreetRaceFate.Windows\Game.Jam.StreetRaceFate.Windows.csproj", "{B4A0CEBC-73EB-40D5-A565-85C3160B080E}"
EndProject
Project("{9A19103F-16F7-4668-BE54-9A1E7A4F7556}") = "Game.Jam.StreetRaceFate.Engine", "Game.Jam.StreetRaceFate.Engine\Game.Jam.StreetRaceFate.Engine.csproj", "{A7CDFF11-D5FC-4422-9E19-D96CA6DB5212}"
EndProject
Project("{FAE04EC0-301F-11D3-BF4B-00C04F79EFBC}") = "Game.Jam.StreetRaceFate.Application", "Game.Jam.StreetRaceFate.Application\Game.Jam.StreetRaceFate.Application.csproj", "{2D266F9A-D704-44B3-ACA8-7C13A3AEF37D}"
EndProject
Global
	GlobalSection(SolutionConfigurationPlatforms) = preSolution
		Debug|Any CPU = Debug|Any CPU
		Release|Any CPU = Release|Any CPU
	EndGlobalSection
	GlobalSection(ProjectConfigurationPlatforms) = postSolution
		{B4A0CEBC-73EB-40D5-A565-85C3160B080E}.Debug|Any CPU.ActiveCfg = Debug|Any CPU
		{B4A0CEBC-73EB-40D5-A565-85C3160B080E}.Debug|Any CPU.Build.0 = Debug|Any CPU
		{B4A0CEBC-73EB-40D5-A565-85C3160B080E}.Release|Any CPU.ActiveCfg = Release|Any CPU
		{B4A0CEBC-73EB-40D5-A565-85C3160B080E}.Release|Any CPU.Build.0 = Release|Any CPU
		{A7CDFF11-D5FC-4422-9E19-D96CA6DB5212}.Debug|Any CPU.ActiveCfg = Debug|Any CPU
		{A7CDFF11-D5FC-4422-9E19-D96CA6DB5212}.Debug|Any CPU.Build.0 = Debug|Any CPU
		{A7CDFF11-D5FC-4422-9E19-D96CA6DB5212}.Release|Any CPU.ActiveCfg = Release|Any CPU
		{A7CDFF11-D5FC-4422-9E19-D96CA6DB5212}.Release|Any CPU.Build.0 = Release|Any CPU
		{2D266F9A-D704-44B3-ACA8-7C13A3AEF37D}.Debug|Any CPU.ActiveCfg = Debug|Any CPU
		{2D266F9A-D704-44B3-ACA8-7C13A3AEF37D}.Debug|Any CPU.Build.0 = Debug|Any CPU
		{2D266F9A-D704-44B3-ACA8-7C13A3AEF37D}.Release|Any CPU.ActiveCfg = Release|Any CPU
		{2D266F9A-D704-44B3-ACA8-7C13A3AEF37D}.Release|Any CPU.Build.0 = Release|Any CPU
	EndGlobalSection
	GlobalSection(SolutionProperties) = preSolution
		HideSolutionNode = FALSE
	EndGlobalSection
	GlobalSection(ExtensibilityGlobals) = postSolution
		SolutionGuid = {6C00500C-869C-4DC6-97D8-DB2660A42A98}
	EndGlobalSection
EndGlobal
